
Microsoft Visual Studio Solution File, Format Version 12.00
# Visual Studio Version 16
VisualStudioVersion = 16.0.29609.76
MinimumVisualStudioVersion = 10.0.40219.1
Project("{FAE04EC0-301F-11D3-BF4B-00C04F79EFBC}") = "OCRDemo", "OCRDemo\OCRDemo.csproj", "{0EA8A941-D4F2-4351-9774-2728D2BBF1B7}"
EndProject
Global
	GlobalSection(SolutionConfigurationPlatforms) = preSolution
		Debug|Any CPU = Debug|Any CPU
		Release|Any CPU = Release|Any CPU
	EndGlobalSection
	GlobalSection(ProjectConfigurationPlatforms) = postSolution
		{0EA8A941-D4F2-4351-9774-2728D2BBF1B7}.Debug|Any CPU.ActiveCfg = Debug|Any CPU
		{0EA8A941-D4F2-4351-9774-2728D2BBF1B7}.Debug|Any CPU.Build.0 = Debug|Any CPU
		{0EA8A941-D4F2-4351-9774-2728D2BBF1B7}.Release|Any CPU.ActiveCfg = Release|Any CPU
		{0EA8A941-D4F2-4351-9774-2728D2BBF1B7}.Release|Any CPU.Build.0 = Release|Any CPU
	EndGlobalSection
	GlobalSection(SolutionProperties) = preSolution
		HideSolutionNode = FALSE
	EndGlobalSection
	GlobalSection(ExtensibilityGlobals) = postSolution
		SolutionGuid = {F1BCC07C-E1E7-4B75-8273-2CACE31E53E5}
	EndGlobalSection
EndGlobal
